[[package]]
name = "attrs"
version = "22.1.0"
description = "Classes Without Boilerplate"
category = "main"
optional = false
python-versions = ">=3.5"

[package.extras]
tests_no_zope = ["cloudpickle", "pytest-mypy-plugins", "mypy (>=0.900,!=0.940)", "pytest (>=4.3.0)", "pympler", "hypothesis", "coverage[toml] (>=5.0.2)"]
tests = ["cloudpickle", "zope.interface", "pytest-mypy-plugins", "mypy (>=0.900,!=0.940)", "pytest (>=4.3.0)", "pympler", "hypothesis", "coverage[toml] (>=5.0.2)"]
docs = ["sphinx-notfound-page", "zope.interface", "sphinx", "furo"]
dev = ["cloudpickle", "pre-commit", "sphinx-notfound-page", "sphinx", "furo", "zope.interface", "pytest-mypy-plugins", "mypy (>=0.900,!=0.940)", "pytest (>=4.3.0)", "pympler", "hypothesis", "coverage[toml] (>=5.0.2)"]

[[package]]
name = "black"
version = "22.10.0"
description = "The uncompromising code formatter."
category = "dev"
optional = false
python-versions = ">=3.7"

[package.dependencies]
click = ">=8.0.0"
mypy-extensions = ">=0.4.3"
pathspec = ">=0.9.0"
platformdirs = ">=2"
tomli = {version = ">=1.1.0", markers = "python_full_version < \"3.11.0a7\""}

[package.extras]
colorama = ["colorama (>=0.4.3)"]
d = ["aiohttp (>=3.7.4)"]
jupyter = ["ipython (>=7.8.0)", "tokenize-rt (>=3.2.0)"]
uvloop = ["uvloop (>=0.15.2)"]

[[package]]
name = "cached-property"
version = "1.5.2"
description = "A decorator for caching properties in classes."
category = "main"
optional = false
python-versions = "*"

[[package]]
name = "click"
version = "8.1.3"
description = "Composable command line interface toolkit"
category = "dev"
optional = false
python-versions = ">=3.7"

[package.dependencies]
colorama = {version = "*", markers = "platform_system == \"Windows\""}

[[package]]
name = "colorama"
version = "0.4.5"
description = "Cross-platform colored terminal text."
category = "main"
optional = false
python-versions = ">=2.7, !=3.0.*, !=3.1.*, !=3.2.*, !=3.3.*, !=3.4.*"

[[package]]
name = "cytoolz"
version = "0.12.0"
description = "Cython implementation of Toolz: High performance functional utilities"
category = "main"
optional = false
python-versions = ">=3.5"

[package.dependencies]
toolz = ">=0.8.0"

[package.extras]
cython = ["cython"]

[[package]]
name = "eth-bloom"
version = "1.0.4"
description = "Python implementation of the Ethereum Trie structure"
category = "main"
optional = false
python-versions = ">=3.6, <4"

[package.dependencies]
eth-hash = {version = ">=0.3.1,<0.4.0", extras = ["pycryptodome"]}

[package.extras]
test = ["tox (==2.6.0)", "hypothesis (==3.7.0)", "pytest (==3.0.7)"]
lint = ["mypy (<0.600)", "flake8 (>=3.5.0,<4.0.0)"]
dev = ["mypy (<0.600)", "flake8 (>=3.5.0,<4.0.0)", "tox (==2.6.0)", "hypothesis (==3.7.0)", "pytest (==3.0.7)", "twine", "wheel (>=0.30.0,<1.0.0)", "bumpversion (>=0.5.3,<1.0.0)"]
deploy = ["wheel (>=0.30.0,<1.0.0)", "bumpversion (>=0.5.3,<1.0.0)"]

[[package]]
name = "eth-hash"
version = "0.3.3"
description = "eth-hash: The Ethereum hashing function, keccak256, sometimes (erroneously) called sha3"
category = "main"
optional = false
python-versions = ">=3.5, <4"

[package.dependencies]
pycryptodome = {version = ">=3.6.6,<4", optional = true, markers = "extra == \"pycryptodome\""}

[package.extras]
test = ["tox (==3.14.6)", "pytest-xdist", "pytest (==5.4.1)"]
pysha3 = ["pysha3 (>=1.0.0,<2.0.0)"]
pycryptodome = ["pycryptodome (>=3.6.6,<4)"]
lint = ["pydocstyle (>=5.0.0,<6)", "mypy (==0.770)", "isort (>=4.2.15,<5)", "flake8 (==3.7.9)"]
doc = ["towncrier (>=19.2.0,<20)", "sphinx-rtd-theme (>=0.1.9,<1)", "Sphinx (>=1.6.5,<2)"]
dev = ["towncrier (>=19.2.0,<20)", "sphinx-rtd-theme (>=0.1.9,<1)", "Sphinx (>=1.6.5,<2)", "pydocstyle (>=5.0.0,<6)", "mypy (==0.770)", "isort (>=4.2.15,<5)", "flake8 (==3.7.9)", "tox (==3.14.6)", "pytest-xdist", "pytest (==5.4.1)", "ipython", "twine", "wheel", "pytest-watch (>=4.1.0,<5)", "bumpversion (>=0.5.3,<1)"]

[[package]]
name = "eth-keys"
version = "0.4.0"
description = "Common API for Ethereum key operations."
category = "main"
optional = false
python-versions = "*"

[package.dependencies]
eth-typing = ">=3.0.0,<4"
eth-utils = ">=2.0.0,<3.0.0"

[package.extras]
test = ["eth-hash", "eth-hash", "hypothesis (>=5.10.3,<6.0.0)", "pytest (==6.2.5)", "pyasn1 (>=0.4.5,<0.5)", "factory-boy (>=3.0.1,<3.1)", "asn1tools (>=0.146.2,<0.147)"]
lint = ["mypy (==0.782)", "flake8 (==3.0.4)"]
eth-keys = ["eth-typing (>=3.0.0,<4)", "eth-utils (>=2.0.0,<3.0.0)"]
dev = ["eth-hash", "eth-hash", "hypothesis (>=5.10.3,<6.0.0)", "pytest (==6.2.5)", "pyasn1 (>=0.4.5,<0.5)", "factory-boy (>=3.0.1,<3.1)", "asn1tools (>=0.146.2,<0.147)", "mypy (==0.782)", "flake8 (==3.0.4)", "eth-typing (>=3.0.0,<4)", "eth-utils (>=2.0.0,<3.0.0)", "twine", "bumpversion (==0.5.3)", "tox (==3.20.0)"]
coincurve = ["coincurve (>=7.0.0,<16.0.0)"]

[[package]]
name = "eth-typing"
version = "3.2.0"
description = "eth-typing: Common type annotations for ethereum python packages"
category = "main"
optional = false
python-versions = ">=3.6, <4"

[package.extras]
dev = ["bumpversion (>=0.5.3,<1)", "pytest-watch (>=4.1.0,<5)", "wheel", "twine", "ipython", "pytest (>=6.2.5,<7)", "pytest-xdist", "tox (>=2.9.1,<3)", "flake8 (==3.8.3)", "isort (>=4.2.15,<5)", "mypy (==0.782)", "pydocstyle (>=3.0.0,<4)", "sphinx (>=4.2.0,<5)", "sphinx-rtd-theme (>=0.1.9)", "towncrier (>=21,<22)"]
doc = ["sphinx (>=4.2.0,<5)", "sphinx-rtd-theme (>=0.1.9)", "towncrier (>=21,<22)"]
lint = ["flake8 (==3.8.3)", "isort (>=4.2.15,<5)", "mypy (==0.782)", "pydocstyle (>=3.0.0,<4)"]
test = ["pytest (>=6.2.5,<7)", "pytest-xdist", "tox (>=2.9.1,<3)"]

[[package]]
name = "eth-utils"
version = "2.0.0"
description = "eth-utils: Common utility functions for python code that interacts with Ethereum"
category = "main"
optional = false
python-versions = ">=3.6,<4"

[package.dependencies]
cytoolz = {version = ">=0.10.1,<1.0.0", markers = "implementation_name == \"cpython\""}
eth-hash = ">=0.3.1,<0.4.0"
eth-typing = ">=3.0.0,<4.0.0"
toolz = {version = ">0.8.2,<1", markers = "implementation_name == \"pypy\""}

[package.extras]
test = ["tox (==3.14.6)", "pytest-xdist", "pytest (>=6.2.5,<7)", "hypothesis (>=4.43.0,<5.0.0)"]
lint = ["pytest (>=3.4.1,<4.0.0)", "pydocstyle (>=5.0.0,<6)", "mypy (==0.720)", "isort (>=4.2.15,<5)", "flake8 (==3.7.9)", "black (>=18.6b4,<19)"]
doc = ["towncrier (>=19.2.0,<20)", "sphinx-rtd-theme (>=0.1.9,<2)", "Sphinx (>=1.6.5,<2)"]
dev = ["towncrier (>=19.2.0,<20)", "sphinx-rtd-theme (>=0.1.9,<2)", "Sphinx (>=1.6.5,<2)", "pytest (>=3.4.1,<4.0.0)", "pydocstyle (>=5.0.0,<6)", "mypy (==0.720)", "isort (>=4.2.15,<5)", "flake8 (==3.7.9)", "black (>=18.6b4,<19)", "tox (==3.14.6)", "pytest-xdist", "pytest (>=6.2.5,<7)", "hypothesis (>=4.43.0,<5.0.0)", "ipython", "twine (>=1.13,<2)", "wheel (>=0.30.0,<1.0.0)", "pytest-watch (>=4.1.0,<5)", "bumpversion (>=0.5.3,<1)"]

[[package]]
name = "hexbytes"
version = "0.3.0"
description = "hexbytes: Python `bytes` subclass that decodes hex, with a readable console output"
category = "main"
optional = false
python-versions = ">=3.7, <4"

[package.extras]
test = ["eth-utils (>=1.0.1,<3)", "hypothesis (>=3.44.24,<=6.31.6)", "tox (>=3.25.1,<4)", "pytest-xdist", "pytest (>=7,<8)"]
lint = ["black (>=22,<23)", "pydocstyle (>=5.0.0,<6)", "mypy (==0.971)", "isort (>=4.2.15,<5)", "flake8 (==3.7.9)"]
doc = ["towncrier (>=21,<22)", "sphinx-rtd-theme (>=0.1.9,<1)", "Sphinx (>=4.0.0,<5)"]
dev = ["towncrier (>=21,<22)", "sphinx-rtd-theme (>=0.1.9,<1)", "Sphinx (>=4.0.0,<5)", "black (>=22,<23)", "pydocstyle (>=5.0.0,<6)", "mypy (==0.971)", "isort (>=4.2.15,<5)", "flake8 (==3.7.9)", "eth-utils (>=1.0.1,<3)", "hypothesis (>=3.44.24,<=6.31.6)", "tox (>=3.25.1,<4)", "pytest-xdist", "pytest (>=7,<8)", "ipython", "twine", "wheel", "pytest-watch (>=4.1.0,<5)", "bumpversion (>=0.5.3,<1)"]

[[package]]
name = "iniconfig"
version = "1.1.1"
description = "iniconfig: brain-dead simple config-ini parsing"
category = "main"
optional = false
python-versions = "*"

[[package]]
name = "lru-dict"
version = "1.1.8"
description = "An Dict like LRU container."
category = "main"
optional = false
python-versions = "*"

[package.extras]
test = ["pytest"]

[[package]]
name = "maturin"
version = "0.13.6"
description = "Build and publish crates with pyo3, rust-cpython and cffi bindings as well as rust binaries as python packages"
category = "main"
optional = false
python-versions = ">=3.7"

[package.dependencies]
tomli = {version = ">=1.1.0", markers = "python_version < \"3.11\""}

[package.extras]
zig = ["ziglang (>=0.9.0,<0.10.0)"]
patchelf = ["patchelf"]

[[package]]
name = "mypy"
version = "0.982"
description = "Optional static typing for Python"
category = "dev"
optional = false
python-versions = ">=3.7"

[package.dependencies]
mypy-extensions = ">=0.4.3"
tomli = {version = ">=1.1.0", markers = "python_version < \"3.11\""}
typing-extensions = ">=3.10"

[package.extras]
dmypy = ["psutil (>=4.0)"]
python2 = ["typed-ast (>=1.4.0,<2)"]
reports = ["lxml"]

[[package]]
name = "mypy-extensions"
version = "0.4.3"
description = "Experimental type system extensions for programs checked with the mypy typechecker."
category = "main"
optional = false
python-versions = "*"

[[package]]
name = "packaging"
version = "21.3"
description = "Core utilities for Python packages"
category = "main"
optional = false
python-versions = ">=3.6"

[package.dependencies]
pyparsing = ">=2.0.2,<3.0.5 || >3.0.5"

[[package]]
name = "pathspec"
version = "0.10.1"
description = "Utility library for gitignore style pattern matching of file paths."
category = "dev"
optional = false
python-versions = ">=3.7"

[[package]]
name = "platformdirs"
version = "2.5.2"
description = "A small Python module for determining appropriate platform-specific dirs, e.g. a \"user data dir\"."
category = "dev"
optional = false
python-versions = ">=3.7"

[package.extras]
docs = ["furo (>=2021.7.5b38)", "proselint (>=0.10.2)", "sphinx-autodoc-typehints (>=1.12)", "sphinx (>=4)"]
test = ["appdirs (==1.4.4)", "pytest-cov (>=2.7)", "pytest-mock (>=3.6)", "pytest (>=6)"]

[[package]]
name = "pluggy"
version = "1.0.0"
description = "plugin and hook calling mechanisms for python"
category = "main"
optional = false
python-versions = ">=3.6"

[package.extras]
dev = ["pre-commit", "tox"]
testing = ["pytest", "pytest-benchmark"]

[[package]]
name = "py"
version = "1.11.0"
description = "library with cross-python path, ini-parsing, io, code, log facilities"
category = "main"
optional = false
python-versions = ">=2.7, !=3.0.*, !=3.1.*, !=3.2.*, !=3.3.*, !=3.4.*"

[[package]]
name = "py-ecc"
version = "6.0.0"
description = "Elliptic curve crypto in python including secp256k1 and alt_bn128"
category = "main"
optional = false
python-versions = ">=3.6, <4"

[package.dependencies]
cached-property = ">=1.5.1,<2"
eth-typing = ">=3.0.0,<4"
eth-utils = ">=2.0.0,<3"
mypy-extensions = ">=0.4.1"

[package.extras]
dev = ["bumpversion (>=0.5.3,<1)", "twine", "pytest (==6.2.5)", "pytest-xdist (==1.26.0)", "flake8 (==3.5.0)", "mypy (==0.641)", "mypy-extensions (>=0.4.1)"]
lint = ["flake8 (==3.5.0)", "mypy (==0.641)", "mypy-extensions (>=0.4.1)"]
test = ["pytest (==6.2.5)", "pytest-xdist (==1.26.0)"]

[[package]]
name = "py-evm"
version = "0.6.0a1"
description = "Python implementation of the Ethereum Virtual Machine"
category = "main"
optional = false
python-versions = "*"

[package.dependencies]
cached-property = ">=1.5.1,<2"
eth-bloom = ">=1.0.3,<2.0.0"
eth-keys = ">=0.4.0,<0.5.0"
eth-typing = ">=3.1.0,<4.0.0"
eth-utils = ">=2.0.0,<3.0.0"
lru-dict = ">=1.1.6"
mypy-extensions = ">=0.4.1,<1.0.0"
py-ecc = ">=1.4.7,<7.0.0"
pyethash = ">=0.1.27,<1.0.0"
rlp = ">=3,<4"
trie = ">=2.0.0,<3"

[package.extras]
benchmark = ["termcolor (>=1.1.0,<2.0.0)", "web3 (>=4.1.0,<5.0.0)"]
dev = ["bumpversion (>=0.5.3,<1)", "wheel", "setuptools (>=36.2.0)", "idna (==2.7)", "requests (>=2.20,<3)", "tox (==2.7.0)", "twine", "cached-property (>=1.5.1,<2)", "eth-bloom (>=1.0.3,<2.0.0)", "eth-keys (>=0.4.0,<0.5.0)", "eth-typing (>=3.1.0,<4.0.0)", "eth-utils (>=2.0.0,<3.0.0)", "lru-dict (>=1.1.6)", "mypy-extensions (>=0.4.1,<1.0.0)", "py-ecc (>=1.4.7,<7.0.0)", "pyethash (>=0.1.27,<1.0.0)", "rlp (>=3,<4)", "trie (>=2.0.0,<3)", "factory-boy (==2.11.1)", "hypothesis (>=5,<6)", "pexpect (>=4.6,<5)", "pytest (>=6.2.4,<7)", "pytest-asyncio (>=0.10.0,<0.11)", "pytest-cov (==2.5.1)", "pytest-timeout (>=1.4.2,<2)", "pytest-watch (>=4.1.0,<5)", "pytest-xdist (==2.3.0)", "py-evm (>=0.2.0-alpha.14)", "pysha3 (>=1.0.0,<2.0.0)", "Sphinx (>=1.5.5,<2)", "jinja2 (>=3.0.0,<3.1.0)", "sphinx-rtd-theme (>=0.1.9)", "sphinxcontrib-asyncio (>=0.2.0,<0.4)", "towncrier (>=19.2.0,<20)", "flake8 (==3.8.2)", "flake8-bugbear (==20.1.4)", "mypy (==0.910)", "types-setuptools"]
doc = ["py-evm (>=0.2.0-alpha.14)", "pysha3 (>=1.0.0,<2.0.0)", "Sphinx (>=1.5.5,<2)", "jinja2 (>=3.0.0,<3.1.0)", "sphinx-rtd-theme (>=0.1.9)", "sphinxcontrib-asyncio (>=0.2.0,<0.4)", "towncrier (>=19.2.0,<20)"]
eth = ["cached-property (>=1.5.1,<2)", "eth-bloom (>=1.0.3,<2.0.0)", "eth-keys (>=0.4.0,<0.5.0)", "eth-typing (>=3.1.0,<4.0.0)", "eth-utils (>=2.0.0,<3.0.0)", "lru-dict (>=1.1.6)", "mypy-extensions (>=0.4.1,<1.0.0)", "py-ecc (>=1.4.7,<7.0.0)", "pyethash (>=0.1.27,<1.0.0)", "rlp (>=3,<4)", "trie (>=2.0.0,<3)"]
eth-extra = ["blake2b-py (>=0.1.4,<0.2)", "coincurve (>=13.0.0,<14.0.0)", "plyvel (>=1.2.0,<2)", "eth-hash", "eth-hash"]
lint = ["flake8 (==3.8.2)", "flake8-bugbear (==20.1.4)", "mypy (==0.910)", "types-setuptools"]
test = ["factory-boy (==2.11.1)", "hypothesis (>=5,<6)", "pexpect (>=4.6,<5)", "pytest (>=6.2.4,<7)", "pytest-asyncio (>=0.10.0,<0.11)", "pytest-cov (==2.5.1)", "pytest-timeout (>=1.4.2,<2)", "pytest-watch (>=4.1.0,<5)", "pytest-xdist (==2.3.0)"]

[[package]]
name = "pycryptodome"
version = "3.15.0"
description = "Cryptographic library for Python"
category = "main"
optional = false
python-versions = ">=2.7, !=3.0.*, !=3.1.*, !=3.2.*, !=3.3.*, !=3.4.*"

[[package]]
name = "pyethash"
version = "0.1.27"
description = "Python wrappers for ethash, the ethereum proof of workhashing function"
category = "main"
optional = false
python-versions = "*"

[[package]]
name = "pyparsing"
version = "3.0.9"
description = "pyparsing module - Classes and methods to define and execute parsing grammars"
category = "main"
optional = false
python-versions = ">=3.6.8"

[package.extras]
diagrams = ["railroad-diagrams", "jinja2"]

[[package]]
name = "pyrevm"
version = "0.1.0"
description = ""
category = "main"
optional = false
python-versions = "^3.10"
develop = false

[package.dependencies]
maturin = "^0.13.5"
pytest = "^7.1.3"

[package.source]
type = "git"
url = "https://github.com/recmo/pyrevm.git"
reference = "ruint"
resolved_reference = "83a56eeba75dcff829f8a2e31631b62c147f8e7a"

[[package]]
name = "pytest"
version = "7.1.3"
description = "pytest: simple powerful testing with Python"
category = "main"
optional = false
python-versions = ">=3.7"

[package.dependencies]
attrs = ">=19.2.0"
colorama = {version = "*", markers = "sys_platform == \"win32\""}
iniconfig = "*"
packaging = "*"
pluggy = ">=0.12,<2.0"
py = ">=1.8.2"
tomli = ">=1.0.0"

[package.extras]
testing = ["argcomplete", "hypothesis (>=3.56)", "mock", "nose", "pygments (>=2.7.2)", "requests", "xmlschema"]

[[package]]
name = "rlp"
version = "3.0.0"
description = "A package for Recursive Length Prefix encoding and decoding"
category = "main"
optional = false
python-versions = "*"

[package.dependencies]
eth-utils = ">=2.0.0,<3"

[package.extras]
test = ["hypothesis (==5.19.0)", "tox (>=2.9.1,<3)", "pytest (>=6.2.5,<7)"]
rust-backend = ["rusty-rlp (>=0.2.1,<0.3)"]
lint = ["flake8 (==3.4.1)"]
doc = ["sphinx-rtd-theme (>=0.1.9)", "Sphinx (>=1.6.5,<2)"]
dev = ["sphinx-rtd-theme (>=0.1.9)", "Sphinx (>=1.6.5,<2)", "flake8 (==3.4.1)", "hypothesis (==5.19.0)", "tox (>=2.9.1,<3)", "pytest (>=6.2.5,<7)", "twine", "ipython", "wheel", "pytest-watch (>=4.1.0,<5)", "pytest-xdist", "setuptools (>=36.2.0)", "bumpversion (>=0.5.3,<1)"]

[[package]]
name = "sortedcontainers"
version = "2.4.0"
description = "Sorted Containers -- Sorted List, Sorted Dict, Sorted Set"
category = "main"
optional = false
python-versions = "*"

[[package]]
name = "tomli"
version = "2.0.1"
description = "A lil' TOML parser"
category = "main"
optional = false
python-versions = ">=3.7"

[[package]]
name = "toolz"
version = "0.12.0"
description = "List processing tools and functional utilities"
category = "main"
optional = false
python-versions = ">=3.5"

[[package]]
name = "trie"
version = "2.0.2"
description = "Python implementation of the Ethereum Trie structure"
category = "main"
optional = false
python-versions = ">=3.6,<4"

[package.dependencies]
eth-hash = ">=0.1.0,<1.0.0"
eth-utils = ">=2.0.0,<3.0.0"
hexbytes = ">=0.2.0"
rlp = ">=3,<4"
sortedcontainers = ">=2.1.0,<3"

[package.extras]
test = ["pycryptodome", "hypothesis (>=5.10.4,<6)", "tox (>=2.6.0,<3)", "pytest-xdist (>=1.31.0,<2)"]
lint = ["flake8 (==3.8.1)"]
dev = ["flake8 (==3.8.1)", "pycryptodome", "hypothesis (>=5.10.4,<6)", "tox (>=2.6.0,<3)", "pytest-xdist (>=1.31.0,<2)", "eth-hash (>=0.1.0,<1.0.0)", "twine", "wheel", "bumpversion (>=0.5.3,<1)"]

[[package]]
name = "typing-extensions"
version = "4.4.0"
description = "Backported and Experimental Type Hints for Python 3.7+"
category = "dev"
optional = false
python-versions = ">=3.7"

[metadata]
lock-version = "1.1"
python-versions = "^3.10"
content-hash = "cbac51a977691bd823a456cfca0575ce35385693916b19faa89eff0af9c7c2ee"

[metadata.files]
attrs = []
black = []
cached-property = []
click = [
    {file = "click-8.1.3-py3-none-any.whl", hash = "sha256:bb4d8133cb15a609f44e8213d9b391b0809795062913b383c62be0ee95b1db48"},
    {file = "click-8.1.3.tar.gz", hash = "sha256:7682dc8afb30297001674575ea00d1814d808d6a36af415a82bd481d37ba7b8e"},
]
colorama = [
    {file = "colorama-0.4.5-py2.py3-none-any.whl", hash = "sha256:854bf444933e37f5824ae7bfc1e98d5bce2ebe4160d46b5edf346a89358e99da"},
    {file = "colorama-0.4.5.tar.gz", hash = "sha256:e6c6b4334fc50988a639d9b98aa429a0b57da6e17b9a44f0451f930b6967b7a4"},
]
cytoolz = []
eth-bloom = []
eth-hash = []
eth-keys = []
eth-typing = []
eth-utils = []
hexbytes = []
iniconfig = [
    {file = "iniconfig-1.1.1-py2.py3-none-any.whl", hash = "sha256:011e24c64b7f47f6ebd835bb12a743f2fbe9a26d4cecaa7f53bc4f35ee9da8b3"},
    {file = "iniconfig-1.1.1.tar.gz", hash = "sha256:bc3af051d7d14b2ee5ef9969666def0cd1a000e121eaea580d4a313df4b37f32"},
]
lru-dict = []
maturin = []
mypy = []
mypy-extensions = [
    {file = "mypy_extensions-0.4.3-py2.py3-none-any.whl", hash = "sha256:090fedd75945a69ae91ce1303b5824f428daf5a028d2f6ab8a299250a846f15d"},
    {file = "mypy_extensions-0.4.3.tar.gz", hash = "sha256:2d82818f5bb3e369420cb3c4060a7970edba416647068eb4c5343488a6c604a8"},
]
packaging = [
    {file = "packaging-21.3-py3-none-any.whl", hash = "sha256:ef103e05f519cdc783ae24ea4e2e0f508a9c99b2d4969652eed6a2e1ea5bd522"},
    {file = "packaging-21.3.tar.gz", hash = "sha256:dd47c42927d89ab911e606518907cc2d3a1f38bbd026385970643f9c5b8ecfeb"},
]
pathspec = []
platformdirs = [
    {file = "platformdirs-2.5.2-py3-none-any.whl", hash = "sha256:027d8e83a2d7de06bbac4e5ef7e023c02b863d7ea5d079477e722bb41ab25788"},
    {file = "platformdirs-2.5.2.tar.gz", hash = "sha256:58c8abb07dcb441e6ee4b11d8df0ac856038f944ab98b7be6b27b2a3c7feef19"},
]
pluggy = [
    {file = "pluggy-1.0.0-py2.py3-none-any.whl", hash = "sha256:74134bbf457f031a36d68416e1509f34bd5ccc019f0bcc952c7b909d06b37bd3"},
    {file = "pluggy-1.0.0.tar.gz", hash = "sha256:4224373bacce55f955a878bf9cfa763c1e360858e330072059e10bad68531159"},
]
py = [
    {file = "py-1.11.0-py2.py3-none-any.whl", hash = "sha256:607c53218732647dff4acdfcd50cb62615cedf612e72d1724fb1a0cc6405b378"},
    {file = "py-1.11.0.tar.gz", hash = "sha256:51c75c4126074b472f746a24399ad32f6053d1b34b68d2fa41e558e6f4a98719"},
]
py-ecc = []
py-evm = []
pycryptodome = []
pyethash = []
pyparsing = [
    {file = "pyparsing-3.0.9-py3-none-any.whl", hash = "sha256:5026bae9a10eeaefb61dab2f09052b9f4307d44aee4eda64b309723d8d206bbc"},
    {file = "pyparsing-3.0.9.tar.gz", hash = "sha256:2b020ecf7d21b687f219b71ecad3631f644a47f01403fa1d1036b0c6416d70fb"},
]
pyrevm = []
pytest = []
rlp = []
sortedcontainers = [
    {file = "sortedcontainers-2.4.0-py2.py3-none-any.whl", hash = "sha256:a163dcaede0f1c021485e957a39245190e74249897e2ae4b2aa38595db237ee0"},
    {file = "sortedcontainers-2.4.0.tar.gz", hash = "sha256:25caa5a06cc30b6b83d11423433f65d1f9d76c4c6a0c90e3379eaa43b9bfdb88"},
]
tomli = [
    {file = "tomli-2.0.1-py3-none-any.whl", hash = "sha256:939de3e7a6161af0c887ef91b7d41a53e7c5a1ca976325f429cb46ea9bc30ecc"},
    {file = "tomli-2.0.1.tar.gz", hash = "sha256:de526c12914f0c550d15924c62d72abc48d6fe7364aa87328337a31007fe8a4f"},
]
toolz = []
trie = []
typing-extensions = []
